// !$*UTF8*$!
{
	archiveVersion = 1;
	classes = {
	};
	objectVersion = 51;
	objects = {

/* Begin PBXBuildFile section */
		7D50B95424E3CBC7003365BA /* Main.storyboard in Resources */ = {isa = PBXBuildFile; fileRef = 7D50B95224E3CBC7003365BA /* Main.storyboard */; };
		7D50B95624E3CBCD003365BA /* Assets.xcassets in Resources */ = {isa = PBXBuildFile; fileRef = 7D50B95524E3CBCD003365BA /* Assets.xcassets */; };
		7D50B95924E3CBCD003365BA /* LaunchScreen.storyboard in Resources */ = {isa = PBXBuildFile; fileRef = 7D50B95724E3CBCD003365BA /* LaunchScreen.storyboard */; };
		7D50B95C24E3CBCD003365BA /* main.m in Sources */ = {isa = PBXBuildFile; fileRef = 7D50B95B24E3CBCD003365BA /* main.m */; };
		7D50B97224E5036B003365BA /* VLRootViewController.m in Sources */ = {isa = PBXBuildFile; fileRef = 7D50B96F24E5036B003365BA /* VLRootViewController.m */; };
		7D50B97324E5036B003365BA /* AppDelegate.m in Sources */ = {isa = PBXBuildFile; fileRef = 7D50B97024E5036B003365BA /* AppDelegate.m */; };
		7D50B97624E503CA003365BA /* VLBaseViewController.m in Sources */ = {isa = PBXBuildFile; fileRef = 7D50B97524E503CA003365BA /* VLBaseViewController.m */; };
		7D50B97A24E504BE003365BA /* VLRootViewCell.m in Sources */ = {isa = PBXBuildFile; fileRef = 7D50B97824E504BE003365BA /* VLRootViewCell.m */; };
		7D50B97B24E504BE003365BA /* VLRootViewCell.xib in Resources */ = {isa = PBXBuildFile; fileRef = 7D50B97924E504BE003365BA /* VLRootViewCell.xib */; };
		7D50B97E24E50B00003365BA /* vlRootCellRightArrow.png in Resources */ = {isa = PBXBuildFile; fileRef = 7D50B97D24E50B00003365BA /* vlRootCellRightArrow.png */; };
		7D50B98324E50C66003365BA /* VLSplashRootController.m in Sources */ = {isa = PBXBuildFile; fileRef = 7D50B98124E50C66003365BA /* VLSplashRootController.m */; };
		7D50B98424E50C66003365BA /* VLSplashRootController.xib in Resources */ = {isa = PBXBuildFile; fileRef = 7D50B98224E50C66003365BA /* VLSplashRootController.xib */; };
		7DEDAE5824E51F8D00A120CF /* vlSplashBj.jpg in Resources */ = {isa = PBXBuildFile; fileRef = 7DEDAE5724E51F8D00A120CF /* vlSplashBj.jpg */; };
		7DEDAE5C24E5202100A120CF /* SplashViewController.m in Sources */ = {isa = PBXBuildFile; fileRef = 7DEDAE5A24E5202100A120CF /* SplashViewController.m */; };
		7DEDAE5D24E5202100A120CF /* SplashViewController.xib in Resources */ = {isa = PBXBuildFile; fileRef = 7DEDAE5B24E5202100A120CF /* SplashViewController.xib */; };
		7DEDAE5F24E5210A00A120CF /* bottomImg.jpeg in Resources */ = {isa = PBXBuildFile; fileRef = 7DEDAE5E24E5210A00A120CF /* bottomImg.jpeg */; };
		B6B76A07BADE4C5F345B0A69 /* Pods_DemoPolySDK.framework in Frameworks */ = {isa = PBXBuildFile; fileRef = 6D359E5B6E5C88D2FF6009E9 /* Pods_DemoPolySDK.framework */; };
/* End PBXBuildFile section */

/* Begin PBXFileReference section */
		6D359E5B6E5C88D2FF6009E9 /* Pods_DemoPolySDK.framework */ = {isa = PBXFileReference; explicitFileType = wrapper.framework; includeInIndex = 0; path = Pods_DemoPolySDK.framework; sourceTree = BUILT_PRODUCTS_DIR; };
		7C79ABD88181BCBF63E43D9B /* Pods-DemoPolySDK.debug.xcconfig */ = {isa = PBXFileReference; includeInIndex = 1; lastKnownFileType = text.xcconfig; name = "Pods-DemoPolySDK.debug.xcconfig"; path = "Target Support Files/Pods-DemoPolySDK/Pods-DemoPolySDK.debug.xcconfig"; sourceTree = "<group>"; };
		7D50B94624E3CBC7003365BA /* DemoPolySDK.app */ = {isa = PBXFileReference; explicitFileType = wrapper.application; includeInIndex = 0; path = DemoPolySDK.app; sourceTree = BUILT_PRODUCTS_DIR; };
		7D50B95324E3CBC7003365BA /* Base */ = {isa = PBXFileReference; lastKnownFileType = file.storyboard; name = Base; path = Base.lproj/Main.storyboard; sourceTree = "<group>"; };
		7D50B95524E3CBCD003365BA /* Assets.xcassets */ = {isa = PBXFileReference; lastKnownFileType = folder.assetcatalog; path = Assets.xcassets; sourceTree = "<group>"; };
		7D50B95824E3CBCD003365BA /* Base */ = {isa = PBXFileReference; lastKnownFileType = file.storyboard; name = Base; path = Base.lproj/LaunchScreen.storyboard; sourceTree = "<group>"; };
		7D50B95A24E3CBCD003365BA /* Info.plist */ = {isa = PBXFileReference; lastKnownFileType = text.plist.xml; path = Info.plist; sourceTree = "<group>"; };
		7D50B95B24E3CBCD003365BA /* main.m */ = {isa = PBXFileReference; lastKnownFileType = sourcecode.c.objc; path = main.m; sourceTree = "<group>"; };
		7D50B96E24E5036B003365BA /* AppDelegate.h */ = {isa = PBXFileReference; fileEncoding = 4; lastKnownFileType = sourcecode.c.h; path = AppDelegate.h; sourceTree = "<group>"; };
		7D50B96F24E5036B003365BA /* VLRootViewController.m */ = {isa = PBXFileReference; fileEncoding = 4; lastKnownFileType = sourcecode.c.objc; path = VLRootViewController.m; sourceTree = "<group>"; };
		7D50B97024E5036B003365BA /* AppDelegate.m */ = {isa = PBXFileReference; fileEncoding = 4; lastKnownFileType = sourcecode.c.objc; path = AppDelegate.m; sourceTree = "<group>"; };
		7D50B97124E5036B003365BA /* VLRootViewController.h */ = {isa = PBXFileReference; fileEncoding = 4; lastKnownFileType = sourcecode.c.h; path = VLRootViewController.h; sourceTree = "<group>"; };
		7D50B97424E503CA003365BA /* VLBaseViewController.h */ = {isa = PBXFileReference; lastKnownFileType = sourcecode.c.h; path = VLBaseViewController.h; sourceTree = "<group>"; };
		7D50B97524E503CA003365BA /* VLBaseViewController.m */ = {isa = PBXFileReference; lastKnownFileType = sourcecode.c.objc; path = VLBaseViewController.m; sourceTree = "<group>"; };
		7D50B97724E504BE003365BA /* VLRootViewCell.h */ = {isa = PBXFileReference; lastKnownFileType = sourcecode.c.h; path = VLRootViewCell.h; sourceTree = "<group>"; };
		7D50B97824E504BE003365BA /* VLRootViewCell.m */ = {isa = PBXFileReference; lastKnownFileType = sourcecode.c.objc; path = VLRootViewCell.m; sourceTree = "<group>"; };
		7D50B97924E504BE003365BA /* VLRootViewCell.xib */ = {isa = PBXFileReference; lastKnownFileType = file.xib; path = VLRootViewCell.xib; sourceTree = "<group>"; };
		7D50B97D24E50B00003365BA /* vlRootCellRightArrow.png */ = {isa = PBXFileReference; lastKnownFileType = image.png; path = vlRootCellRightArrow.png; sourceTree = "<group>"; };
		7D50B98024E50C66003365BA /* VLSplashRootController.h */ = {isa = PBXFileReference; lastKnownFileType = sourcecode.c.h; path = VLSplashRootController.h; sourceTree = "<group>"; };
		7D50B98124E50C66003365BA /* VLSplashRootController.m */ = {isa = PBXFileReference; lastKnownFileType = sourcecode.c.objc; path = VLSplashRootController.m; sourceTree = "<group>"; };
		7D50B98224E50C66003365BA /* VLSplashRootController.xib */ = {isa = PBXFileReference; lastKnownFileType = file.xib; path = VLSplashRootController.xib; sourceTree = "<group>"; };
		7DEDAE5724E51F8D00A120CF /* vlSplashBj.jpg */ = {isa = PBXFileReference; lastKnownFileType = image.jpeg; path = vlSplashBj.jpg; sourceTree = "<group>"; };
		7DEDAE5924E5202100A120CF /* SplashViewController.h */ = {isa = PBXFileReference; fileEncoding = 4; lastKnownFileType = sourcecode.c.h; path = SplashViewController.h; sourceTree = "<group>"; };
		7DEDAE5A24E5202100A120CF /* SplashViewController.m */ = {isa = PBXFileReference; fileEncoding = 4; lastKnownFileType = sourcecode.c.objc; path = SplashViewController.m; sourceTree = "<group>"; };
		7DEDAE5B24E5202100A120CF /* SplashViewController.xib */ = {isa = PBXFileReference; fileEncoding = 4; lastKnownFileType = file.xib; path = SplashViewController.xib; sourceTree = "<group>"; };
		7DEDAE5E24E5210A00A120CF /* bottomImg.jpeg */ = {isa = PBXFileReference; lastKnownFileType = image.jpeg; path = bottomImg.jpeg; sourceTree = "<group>"; };
		FC756559E3D59EB8FAC1901E /* Pods-DemoPolySDK.release.xcconfig */ = {isa = PBXFileReference; includeInIndex = 1; lastKnownFileType = text.xcconfig; name = "Pods-DemoPolySDK.release.xcconfig"; path = "Target Support Files/Pods-DemoPolySDK/Pods-DemoPolySDK.release.xcconfig"; sourceTree = "<group>"; };
/* End PBXFileReference section */

/* Begin PBXFrameworksBuildPhase section */
		7D50B94324E3CBC7003365BA /* Frameworks */ = {
			isa = PBXFrameworksBuildPhase;
			buildActionMask = 2147483647;
			files = (
				B6B76A07BADE4C5F345B0A69 /* Pods_DemoPolySDK.framework in Frameworks */,
			);
			runOnlyForDeploymentPostprocessing = 0;
		};
/* End PBXFrameworksBuildPhase section */

/* Begin PBXGroup section */
		5C3E34B01572837C78032724 /* Frameworks */ = {
			isa = PBXGroup;
			children = (
				6D359E5B6E5C88D2FF6009E9 /* Pods_DemoPolySDK.framework */,
			);
			name = Frameworks;
			sourceTree = "<group>";
		};
		7D50B93D24E3CBC7003365BA = {
			isa = PBXGroup;
			children = (
				7D50B94824E3CBC7003365BA /* DemoPolySDK */,
				7D50B94724E3CBC7003365BA /* Products */,
				FF53A7153F016DC1C4A2FF7B /* Pods */,
				5C3E34B01572837C78032724 /* Frameworks */,
			);
			sourceTree = "<group>";
		};
		7D50B94724E3CBC7003365BA /* Products */ = {
			isa = PBXGroup;
			children = (
				7D50B94624E3CBC7003365BA /* DemoPolySDK.app */,
			);
			name = Products;
			sourceTree = "<group>";
		};
		7D50B94824E3CBC7003365BA /* DemoPolySDK */ = {
			isa = PBXGroup;
			children = (
				7D50B96D24E5036B003365BA /* RootHandle */,
				7D50B97F24E50C4C003365BA /* VLSplashAd */,
				7D50B95224E3CBC7003365BA /* Main.storyboard */,
				7D50B95524E3CBCD003365BA /* Assets.xcassets */,
				7D50B95724E3CBCD003365BA /* LaunchScreen.storyboard */,
				7D50B95A24E3CBCD003365BA /* Info.plist */,
				7D50B95B24E3CBCD003365BA /* main.m */,
			);
			path = DemoPolySDK;
			sourceTree = "<group>";
		};
		7D50B96D24E5036B003365BA /* RootHandle */ = {
			isa = PBXGroup;
			children = (
				7D50B97C24E50A16003365BA /* Resources */,
				7D50B96E24E5036B003365BA /* AppDelegate.h */,
				7D50B97024E5036B003365BA /* AppDelegate.m */,
				7D50B97124E5036B003365BA /* VLRootViewController.h */,
				7D50B96F24E5036B003365BA /* VLRootViewController.m */,
				7D50B97424E503CA003365BA /* VLBaseViewController.h */,
				7D50B97524E503CA003365BA /* VLBaseViewController.m */,
				7D50B97724E504BE003365BA /* VLRootViewCell.h */,
				7D50B97824E504BE003365BA /* VLRootViewCell.m */,
				7D50B97924E504BE003365BA /* VLRootViewCell.xib */,
			);
			path = RootHandle;
			sourceTree = "<group>";
		};
		7D50B97C24E50A16003365BA /* Resources */ = {
			isa = PBXGroup;
			children = (
				7DEDAE5724E51F8D00A120CF /* vlSplashBj.jpg */,
				7DEDAE5E24E5210A00A120CF /* bottomImg.jpeg */,
				7D50B97D24E50B00003365BA /* vlRootCellRightArrow.png */,
			);
			path = Resources;
			sourceTree = "<group>";
		};
		7D50B97F24E50C4C003365BA /* VLSplashAd */ = {
			isa = PBXGroup;
			children = (
				7D50B98024E50C66003365BA /* VLSplashRootController.h */,
				7D50B98124E50C66003365BA /* VLSplashRootController.m */,
				7D50B98224E50C66003365BA /* VLSplashRootController.xib */,
				7DEDAE5924E5202100A120CF /* SplashViewController.h */,
				7DEDAE5A24E5202100A120CF /* SplashViewController.m */,
				7DEDAE5B24E5202100A120CF /* SplashViewController.xib */,
			);
			path = VLSplashAd;
			sourceTree = "<group>";
		};
		FF53A7153F016DC1C4A2FF7B /* Pods */ = {
			isa = PBXGroup;
			children = (
				7C79ABD88181BCBF63E43D9B /* Pods-DemoPolySDK.debug.xcconfig */,
				FC756559E3D59EB8FAC1901E /* Pods-DemoPolySDK.release.xcconfig */,
			);
			path = Pods;
			sourceTree = "<group>";
		};
/* End PBXGroup section */

/* Begin PBXNativeTarget section */
		7D50B94524E3CBC7003365BA /* DemoPolySDK */ = {
			isa = PBXNativeTarget;
			buildConfigurationList = 7D50B95F24E3CBCD003365BA /* Build configuration list for PBXNativeTarget "DemoPolySDK" */;
			buildPhases = (
				555D3168358F62CD4CD3656A /* [CP] Check Pods Manifest.lock */,
				7D50B94224E3CBC7003365BA /* Sources */,
				7D50B94324E3CBC7003365BA /* Frameworks */,
				7D50B94424E3CBC7003365BA /* Resources */,
			);
			buildRules = (
			);
			dependencies = (
			);
			name = DemoPolySDK;
			productName = DemoPolySDK;
			productReference = 7D50B94624E3CBC7003365BA /* DemoPolySDK.app */;
			productType = "com.apple.product-type.application";
		};
/* End PBXNativeTarget section */

/* Begin PBXProject section */
		7D50B93E24E3CBC7003365BA /* Project object */ = {
			isa = PBXProject;
			attributes = {
				LastUpgradeCheck = 1160;
				ORGANIZATIONNAME = "杨挺";
				TargetAttributes = {
					7D50B94524E3CBC7003365BA = {
						CreatedOnToolsVersion = 11.6;
					};
				};
			};
			buildConfigurationList = 7D50B94124E3CBC7003365BA /* Build configuration list for PBXProject "DemoPolySDK" */;
			compatibilityVersion = "Xcode 9.3";
			developmentRegion = en;
			hasScannedForEncodings = 0;
			knownRegions = (
				en,
				Base,
			);
			mainGroup = 7D50B93D24E3CBC7003365BA;
			productRefGroup = 7D50B94724E3CBC7003365BA /* Products */;
			projectDirPath = "";
			projectRoot = "";
			targets = (
				7D50B94524E3CBC7003365BA /* DemoPolySDK */,
			);
		};
/* End PBXProject section */

/* Begin PBXResourcesBuildPhase section */
		7D50B94424E3CBC7003365BA /* Resources */ = {
			isa = PBXResourcesBuildPhase;
			buildActionMask = 2147483647;
			files = (
				7D50B98424E50C66003365BA /* VLSplashRootController.xib in Resources */,
				7D50B97B24E504BE003365BA /* VLRootViewCell.xib in Resources */,
				7DEDAE5824E51F8D00A120CF /* vlSplashBj.jpg in Resources */,
				7DEDAE5D24E5202100A120CF /* SplashViewController.xib in Resources */,
				7DEDAE5F24E5210A00A120CF /* bottomImg.jpeg in Resources */,
				7D50B97E24E50B00003365BA /* vlRootCellRightArrow.png in Resources */,
				7D50B95924E3CBCD003365BA /* LaunchScreen.storyboard in Resources */,
				7D50B95624E3CBCD003365BA /* Assets.xcassets in Resources */,
				7D50B95424E3CBC7003365BA /* Main.storyboard in Resources */,
			);
			runOnlyForDeploymentPostprocessing = 0;
		};
/* End PBXResourcesBuildPhase section */

/* Begin PBXShellScriptBuildPhase section */
		555D3168358F62CD4CD3656A /* [CP] Check Pods Manifest.lock */ = {
			isa = PBXShellScriptBuildPhase;
			buildActionMask = 2147483647;
			files = (
			);
			inputFileListPaths = (
			);
			inputPaths = (
				"${PODS_PODFILE_DIR_PATH}/Podfile.lock",
				"${PODS_ROOT}/Manifest.lock",
			);
			name = "[CP] Check Pods Manifest.lock";
			outputFileListPaths = (
			);
			outputPaths = (
				"$(DERIVED_FILE_DIR)/Pods-DemoPolySDK-checkManifestLockResult.txt",
			);
			runOnlyForDeploymentPostprocessing = 0;
			shellPath = /bin/sh;
			shellScript = "diff \"${PODS_PODFILE_DIR_PATH}/Podfile.lock\" \"${PODS_ROOT}/Manifest.lock\" > /dev/null\nif [ $? != 0 ] ; then\n    # print error to STDERR\n    echo \"error: The sandbox is not in sync with the Podfile.lock. Run 'pod install' or update your CocoaPods installation.\" >&2\n    exit 1\nfi\n# This output is used by Xcode 'outputs' to avoid re-running this script phase.\necho \"SUCCESS\" > \"${SCRIPT_OUTPUT_FILE_0}\"\n";
			showEnvVarsInLog = 0;
		};
/* End PBXShellScriptBuildPhase section */

/* Begin PBXSourcesBuildPhase section */
		7D50B94224E3CBC7003365BA /* Sources */ = {
			isa = PBXSourcesBuildPhase;
			buildActionMask = 2147483647;
			files = (
				7D50B97224E5036B003365BA /* VLRootViewController.m in Sources */,
				7DEDAE5C24E5202100A120CF /* SplashViewController.m in Sources */,
				7D50B97624E503CA003365BA /* VLBaseViewController.m in Sources */,
				7D50B98324E50C66003365BA /* VLSplashRootController.m in Sources */,
				7D50B97A24E504BE003365BA /* VLRootViewCell.m in Sources */,
				7D50B95C24E3CBCD003365BA /* main.m in Sources */,
				7D50B97324E5036B003365BA /* AppDelegate.m in Sources */,
			);
			runOnlyForDeploymentPostprocessing = 0;
		};
/* End PBXSourcesBuildPhase section */

/* Begin PBXVariantGroup section */
		7D50B95224E3CBC7003365BA /* Main.storyboard */ = {
			isa = PBXVariantGroup;
			children = (
				7D50B95324E3CBC7003365BA /* Base */,
			);
			name = Main.storyboard;
			sourceTree = "<group>";
		};
		7D50B95724E3CBCD003365BA /* LaunchScreen.storyboard */ = {
			isa = PBXVariantGroup;
			children = (
				7D50B95824E3CBCD003365BA /* Base */,
			);
			name = LaunchScreen.storyboard;
			sourceTree = "<group>";
		};
/* End PBXVariantGroup section */

/* Begin XCBuildConfiguration section */
		7D50B95D24E3CBCD003365BA /* Debug */ = {
			isa = XCBuildConfiguration;
			buildSettings = {
				ALWAYS_SEARCH_USER_PATHS = NO;
				CLANG_ANALYZER_NONNULL = YES;
				CLANG_ANALYZER_NUMBER_OBJECT_CONVERSION = YES_AGGRESSIVE;
				CLANG_CXX_LANGUAGE_STANDARD = "gnu++14";
				CLANG_CXX_LIBRARY = "libc++";
				CLANG_ENABLE_MODULES = YES;
				CLANG_ENABLE_OBJC_ARC = YES;
				CLANG_ENABLE_OBJC_WEAK = YES;
				CLANG_WARN_BLOCK_CAPTURE_AUTORELEASING = YES;
				CLANG_WARN_BOOL_CONVERSION = YES;
				CLANG_WARN_COMMA = YES;
				CLANG_WARN_CONSTANT_CONVERSION = YES;
				CLANG_WARN_DEPRECATED_OBJC_IMPLEMENTATIONS = YES;
				CLANG_WARN_DIRECT_OBJC_ISA_USAGE = YES_ERROR;
				CLANG_WARN_DOCUMENTATION_COMMENTS = YES;
				CLANG_WARN_EMPTY_BODY = YES;
				CLANG_WARN_ENUM_CONVERSION = YES;
				CLANG_WARN_INFINITE_RECURSION = YES;
				CLANG_WARN_INT_CONVERSION = YES;
				CLANG_WARN_NON_LITERAL_NULL_CONVERSION = YES;
				CLANG_WARN_OBJC_IMPLICIT_RETAIN_SELF = YES;
				CLANG_WARN_OBJC_LITERAL_CONVERSION = YES;
				CLANG_WARN_OBJC_ROOT_CLASS = YES_ERROR;
				CLANG_WARN_RANGE_LOOP_ANALYSIS = YES;
				CLANG_WARN_STRICT_PROTOTYPES = YES;
				CLANG_WARN_SUSPICIOUS_MOVE = YES;
				CLANG_WARN_UNGUARDED_AVAILABILITY = YES_AGGRESSIVE;
				CLANG_WARN_UNREACHABLE_CODE = YES;
				CLANG_WARN__DUPLICATE_METHOD_MATCH = YES;
				COPY_PHASE_STRIP = NO;
				DEBUG_INFORMATION_FORMAT = dwarf;
				ENABLE_STRICT_OBJC_MSGSEND = YES;
				ENABLE_TESTABILITY = YES;
				GCC_C_LANGUAGE_STANDARD = gnu11;
				GCC_DYNAMIC_NO_PIC = NO;
				GCC_NO_COMMON_BLOCKS = YES;
				GCC_OPTIMIZATION_LEVEL = 0;
				GCC_PREPROCESSOR_DEFINITIONS = (
					"DEBUG=1",
					"$(inherited)",
				);
				GCC_WARN_64_TO_32_BIT_CONVERSION = YES;
				GCC_WARN_ABOUT_RETURN_TYPE = YES_ERROR;
				GCC_WARN_UNDECLARED_SELECTOR = YES;
				GCC_WARN_UNINITIALIZED_AUTOS = YES_AGGRESSIVE;
				GCC_WARN_UNUSED_FUNCTION = YES;
				GCC_WARN_UNUSED_VARIABLE = YES;
				IPHONEOS_DEPLOYMENT_TARGET = 13.6;
				MTL_ENABLE_DEBUG_INFO = INCLUDE_SOURCE;
				MTL_FAST_MATH = YES;
				ONLY_ACTIVE_ARCH = YES;
				SDKROOT = iphoneos;
			};
			name = Debug;
		};
		7D50B95E24E3CBCD003365BA /* Release */ = {
			isa = XCBuildConfiguration;
			buildSettings = {
				ALWAYS_SEARCH_USER_PATHS = NO;
				CLANG_ANALYZER_NONNULL = YES;
				CLANG_ANALYZER_NUMBER_OBJECT_CONVERSION = YES_AGGRESSIVE;
				CLANG_CXX_LANGUAGE_STANDARD = "gnu++14";
				CLANG_CXX_LIBRARY = "libc++";
				CLANG_ENABLE_MODULES = YES;
				CLANG_ENABLE_OBJC_ARC = YES;
				CLANG_ENABLE_OBJC_WEAK = YES;
				CLANG_WARN_BLOCK_CAPTURE_AUTORELEASING = YES;
				CLANG_WARN_BOOL_CONVERSION = YES;
				CLANG_WARN_COMMA = YES;
				CLANG_WARN_CONSTANT_CONVERSION = YES;
				CLANG_WARN_DEPRECATED_OBJC_IMPLEMENTATIONS = YES;
				CLANG_WARN_DIRECT_OBJC_ISA_USAGE = YES_ERROR;
				CLANG_WARN_DOCUMENTATION_COMMENTS = YES;
				CLANG_WARN_EMPTY_BODY = YES;
				CLANG_WARN_ENUM_CONVERSION = YES;
				CLANG_WARN_INFINITE_RECURSION = YES;
				CLANG_WARN_INT_CONVERSION = YES;
				CLANG_WARN_NON_LITERAL_NULL_CONVERSION = YES;
				CLANG_WARN_OBJC_IMPLICIT_RETAIN_SELF = YES;
				CLANG_WARN_OBJC_LITERAL_CONVERSION = YES;
				CLANG_WARN_OBJC_ROOT_CLASS = YES_ERROR;
				CLANG_WARN_RANGE_LOOP_ANALYSIS = YES;
				CLANG_WARN_STRICT_PROTOTYPES = YES;
				CLANG_WARN_SUSPICIOUS_MOVE = YES;
				CLANG_WARN_UNGUARDED_AVAILABILITY = YES_AGGRESSIVE;
				CLANG_WARN_UNREACHABLE_CODE = YES;
				CLANG_WARN__DUPLICATE_METHOD_MATCH = YES;
				COPY_PHASE_STRIP = NO;
				DEBUG_INFORMATION_FORMAT = "dwarf-with-dsym";
				ENABLE_NS_ASSERTIONS = NO;
				ENABLE_STRICT_OBJC_MSGSEND = YES;
				GCC_C_LANGUAGE_STANDARD = gnu11;
				GCC_NO_COMMON_BLOCKS = YES;
				GCC_WARN_64_TO_32_BIT_CONVERSION = YES;
				GCC_WARN_ABOUT_RETURN_TYPE = YES_ERROR;
				GCC_WARN_UNDECLARED_SELECTOR = YES;
				GCC_WARN_UNINITIALIZED_AUTOS = YES_AGGRESSIVE;
				GCC_WARN_UNUSED_FUNCTION = YES;
				GCC_WARN_UNUSED_VARIABLE = YES;
				IPHONEOS_DEPLOYMENT_TARGET = 13.6;
				MTL_ENABLE_DEBUG_INFO = NO;
				MTL_FAST_MATH = YES;
				SDKROOT = iphoneos;
				VALIDATE_PRODUCT = YES;
			};
			name = Release;
		};
		7D50B96024E3CBCD003365BA /* Debug */ = {
			isa = XCBuildConfiguration;
			baseConfigurationReference = 7C79ABD88181BCBF63E43D9B /* Pods-DemoPolySDK.debug.xcconfig */;
			buildSettings = {
				ASSETCATALOG_COMPILER_APPICON_NAME = AppIcon;
				CODE_SIGN_STYLE = Automatic;
				DEVELOPMENT_TEAM = FAZ369SE75;
				ENABLE_BITCODE = NO;
				INFOPLIST_FILE = DemoPolySDK/Info.plist;
				IPHONEOS_DEPLOYMENT_TARGET = 9.0;
				LD_RUNPATH_SEARCH_PATHS = (
					"$(inherited)",
					"@executable_path/Frameworks",
				);
				PRODUCT_BUNDLE_IDENTIFIER = org.linable.candy.snow2018;
				PRODUCT_NAME = "$(TARGET_NAME)";
				TARGETED_DEVICE_FAMILY = "1,2";
			};
			name = Debug;
		};
		7D50B96124E3CBCD003365BA /* Release */ = {
			isa = XCBuildConfiguration;
			baseConfigurationReference = FC756559E3D59EB8FAC1901E /* Pods-DemoPolySDK.release.xcconfig */;
			buildSettings = {
				ASSETCATALOG_COMPILER_APPICON_NAME = AppIcon;
				CODE_SIGN_STYLE = Automatic;
				DEVELOPMENT_TEAM = FAZ369SE75;
				ENABLE_BITCODE = NO;
				INFOPLIST_FILE = DemoPolySDK/Info.plist;
				IPHONEOS_DEPLOYMENT_TARGET = 9.0;
				LD_RUNPATH_SEARCH_PATHS = (
					"$(inherited)",
					"@executable_path/Frameworks",
				);
				PRODUCT_BUNDLE_IDENTIFIER = org.linable.candy.snow2018;
				PRODUCT_NAME = "$(TARGET_NAME)";
				TARGETED_DEVICE_FAMILY = "1,2";
			};
			name = Release;
		};
/* End XCBuildConfiguration section */

/* Begin XCConfigurationList section */
		7D50B94124E3CBC7003365BA /* Build configuration list for PBXProject "DemoPolySDK" */ = {
			isa = XCConfigurationList;
			buildConfigurations = (
				7D50B95D24E3CBCD003365BA /* Debug */,
				7D50B95E24E3CBCD003365BA /* Release */,
			);
			defaultConfigurationIsVisible = 0;
			defaultConfigurationName = Release;
		};
		7D50B95F24E3CBCD003365BA /* Build configuration list for PBXNativeTarget "DemoPolySDK" */ = {
			isa = XCConfigurationList;
			buildConfigurations = (
				7D50B96024E3CBCD003365BA /* Debug */,
				7D50B96124E3CBCD003365BA /* Release */,
			);
			defaultConfigurationIsVisible = 0;
			defaultConfigurationName = Release;
		};
/* End XCConfigurationList section */
	};
	rootObject = 7D50B93E24E3CBC7003365BA /* Project object */;
}
